
Microsoft Visual Studio Solution File, Format Version 12.00
# Visual Studio 14
VisualStudioVersion = 14.0.25420.1
MinimumVisualStudioVersion = 10.0.40219.1
Project("{FAE04EC0-301F-11D3-BF4B-00C04F79EFBC}") = "TaskVsVoid", "TaskVsVoid\TaskVsVoid.csproj", "{60765BC8-FB2D-4043-ABA7-E01F2DB6674D}"
EndProject
Project("{FAE04EC0-301F-11D3-BF4B-00C04F79EFBC}") = "TaskYield", "TaskYield\TaskYield.csproj", "{CA68A751-CACB-4BB7-BE2F-7F7B9C7D2CC8}"
EndProject
Project("{FAE04EC0-301F-11D3-BF4B-00C04F79EFBC}") = "AwaitableAwaiter", "AwaitableAwaiter\AwaitableAwaiter.csproj", "{6A32C8C5-F244-4EB5-AFEB-666839BE7023}"
EndProject
Project("{FAE04EC0-301F-11D3-BF4B-00C04F79EFBC}") = "RuntimeContext", "RuntimeContext\RuntimeContext.csproj", "{4A1F03DE-5F41-4080-8E72-4742A12A2D25}"
EndProject
Project("{FAE04EC0-301F-11D3-BF4B-00C04F79EFBC}") = "SynchronizationContextDeep", "SynchronizationContextDeep\SynchronizationContextDeep.csproj", "{495A0B39-EB4D-43AF-9954-B0D8F5E47BAD}"
EndProject
Project("{FAE04EC0-301F-11D3-BF4B-00C04F79EFBC}") = "SenarioAsyncLog", "SenarioAsyncLog\SenarioAsyncLog.csproj", "{969B3F63-8569-4D8F-9E30-D8F4A42FD349}"
EndProject
Project("{2150E333-8FDC-42A3-9474-1A3956D46DE8}") = "+", "+", "{ADD66D39-3C21-4DE5-9F35-6D8683B36383}"
EndProject
Project("{FAE04EC0-301F-11D3-BF4B-00C04F79EFBC}") = "AwaitVsContinueWith", "AwaitVsContinueWith\AwaitVsContinueWith.csproj", "{EA7E69E7-921D-4287-ACE2-B5BCB1ECE46A}"
EndProject
Project("{FAE04EC0-301F-11D3-BF4B-00C04F79EFBC}") = "TaskRunVsAwaitTaskRun", "TaskRunVsAwaitTaskRun\TaskRunVsAwaitTaskRun.csproj", "{5ABB9FB6-2EE1-4DBE-9D39-2CBCD197BBED}"
EndProject
Global
	GlobalSection(SolutionConfigurationPlatforms) = preSolution
		Debug|Any CPU = Debug|Any CPU
		Release|Any CPU = Release|Any CPU
	EndGlobalSection
	GlobalSection(ProjectConfigurationPlatforms) = postSolution
		{60765BC8-FB2D-4043-ABA7-E01F2DB6674D}.Debug|Any CPU.ActiveCfg = Debug|Any CPU
		{60765BC8-FB2D-4043-ABA7-E01F2DB6674D}.Debug|Any CPU.Build.0 = Debug|Any CPU
		{60765BC8-FB2D-4043-ABA7-E01F2DB6674D}.Release|Any CPU.ActiveCfg = Release|Any CPU
		{60765BC8-FB2D-4043-ABA7-E01F2DB6674D}.Release|Any CPU.Build.0 = Release|Any CPU
		{CA68A751-CACB-4BB7-BE2F-7F7B9C7D2CC8}.Debug|Any CPU.ActiveCfg = Debug|Any CPU
		{CA68A751-CACB-4BB7-BE2F-7F7B9C7D2CC8}.Debug|Any CPU.Build.0 = Debug|Any CPU
		{CA68A751-CACB-4BB7-BE2F-7F7B9C7D2CC8}.Release|Any CPU.ActiveCfg = Release|Any CPU
		{CA68A751-CACB-4BB7-BE2F-7F7B9C7D2CC8}.Release|Any CPU.Build.0 = Release|Any CPU
		{6A32C8C5-F244-4EB5-AFEB-666839BE7023}.Debug|Any CPU.ActiveCfg = Debug|Any CPU
		{6A32C8C5-F244-4EB5-AFEB-666839BE7023}.Debug|Any CPU.Build.0 = Debug|Any CPU
		{6A32C8C5-F244-4EB5-AFEB-666839BE7023}.Release|Any CPU.ActiveCfg = Release|Any CPU
		{6A32C8C5-F244-4EB5-AFEB-666839BE7023}.Release|Any CPU.Build.0 = Release|Any CPU
		{4A1F03DE-5F41-4080-8E72-4742A12A2D25}.Debug|Any CPU.ActiveCfg = Debug|Any CPU
		{4A1F03DE-5F41-4080-8E72-4742A12A2D25}.Debug|Any CPU.Build.0 = Debug|Any CPU
		{4A1F03DE-5F41-4080-8E72-4742A12A2D25}.Release|Any CPU.ActiveCfg = Release|Any CPU
		{4A1F03DE-5F41-4080-8E72-4742A12A2D25}.Release|Any CPU.Build.0 = Release|Any CPU
		{495A0B39-EB4D-43AF-9954-B0D8F5E47BAD}.Debug|Any CPU.ActiveCfg = Debug|Any CPU
		{495A0B39-EB4D-43AF-9954-B0D8F5E47BAD}.Debug|Any CPU.Build.0 = Debug|Any CPU
		{495A0B39-EB4D-43AF-9954-B0D8F5E47BAD}.Release|Any CPU.ActiveCfg = Release|Any CPU
		{495A0B39-EB4D-43AF-9954-B0D8F5E47BAD}.Release|Any CPU.Build.0 = Release|Any CPU
		{969B3F63-8569-4D8F-9E30-D8F4A42FD349}.Debug|Any CPU.ActiveCfg = Debug|Any CPU
		{969B3F63-8569-4D8F-9E30-D8F4A42FD349}.Debug|Any CPU.Build.0 = Debug|Any CPU
		{969B3F63-8569-4D8F-9E30-D8F4A42FD349}.Release|Any CPU.ActiveCfg = Release|Any CPU
		{969B3F63-8569-4D8F-9E30-D8F4A42FD349}.Release|Any CPU.Build.0 = Release|Any CPU
		{EA7E69E7-921D-4287-ACE2-B5BCB1ECE46A}.Debug|Any CPU.ActiveCfg = Debug|Any CPU
		{EA7E69E7-921D-4287-ACE2-B5BCB1ECE46A}.Debug|Any CPU.Build.0 = Debug|Any CPU
		{EA7E69E7-921D-4287-ACE2-B5BCB1ECE46A}.Release|Any CPU.ActiveCfg = Release|Any CPU
		{EA7E69E7-921D-4287-ACE2-B5BCB1ECE46A}.Release|Any CPU.Build.0 = Release|Any CPU
		{5ABB9FB6-2EE1-4DBE-9D39-2CBCD197BBED}.Debug|Any CPU.ActiveCfg = Debug|Any CPU
		{5ABB9FB6-2EE1-4DBE-9D39-2CBCD197BBED}.Debug|Any CPU.Build.0 = Debug|Any CPU
		{5ABB9FB6-2EE1-4DBE-9D39-2CBCD197BBED}.Release|Any CPU.ActiveCfg = Release|Any CPU
		{5ABB9FB6-2EE1-4DBE-9D39-2CBCD197BBED}.Release|Any CPU.Build.0 = Release|Any CPU
	EndGlobalSection
	GlobalSection(SolutionProperties) = preSolution
		HideSolutionNode = FALSE
	EndGlobalSection
	GlobalSection(NestedProjects) = preSolution
		{60765BC8-FB2D-4043-ABA7-E01F2DB6674D} = {ADD66D39-3C21-4DE5-9F35-6D8683B36383}
		{CA68A751-CACB-4BB7-BE2F-7F7B9C7D2CC8} = {ADD66D39-3C21-4DE5-9F35-6D8683B36383}
		{6A32C8C5-F244-4EB5-AFEB-666839BE7023} = {ADD66D39-3C21-4DE5-9F35-6D8683B36383}
		{969B3F63-8569-4D8F-9E30-D8F4A42FD349} = {ADD66D39-3C21-4DE5-9F35-6D8683B36383}
		{EA7E69E7-921D-4287-ACE2-B5BCB1ECE46A} = {ADD66D39-3C21-4DE5-9F35-6D8683B36383}
		{5ABB9FB6-2EE1-4DBE-9D39-2CBCD197BBED} = {ADD66D39-3C21-4DE5-9F35-6D8683B36383}
	EndGlobalSection
EndGlobal
